
Microsoft Visual Studio Solution File, Format Version 12.00
# Visual Studio Version 17
VisualStudioVersion = 17.14.36203.30 d17.14
MinimumVisualStudioVersion = 10.0.40219.1
Project("{8BC9CEB8-8B4A-11D0-8D11-00A0C91BC942}") = "tasking", "tasking.vcxproj", "{63AFB2C5-2D3B-C293-0198-F0D3F8FECEA6}"
EndProject
Global
	GlobalSection(SolutionConfigurationPlatforms) = preSolution
		Debug|ARM64 = Debug|ARM64
		Debug|x64 = Debug|x64
		Debug|x86 = Debug|x86
		Release|ARM64 = Release|ARM64
		Release|x64 = Release|x64
		Release|x86 = Release|x86
	EndGlobalSection
	GlobalSection(ProjectConfigurationPlatforms) = postSolution
		{63AFB2C5-2D3B-C293-0198-F0D3F8FECEA6}.Debug|ARM64.ActiveCfg = Debug|ARM64
		{63AFB2C5-2D3B-C293-0198-F0D3F8FECEA6}.Debug|ARM64.Build.0 = Debug|ARM64
		{63AFB2C5-2D3B-C293-0198-F0D3F8FECEA6}.Debug|x64.ActiveCfg = Debug|x64
		{63AFB2C5-2D3B-C293-0198-F0D3F8FECEA6}.Debug|x64.Build.0 = Debug|x64
		{63AFB2C5-2D3B-C293-0198-F0D3F8FECEA6}.Debug|x86.ActiveCfg = Debug|Win32
		{63AFB2C5-2D3B-C293-0198-F0D3F8FECEA6}.Debug|x86.Build.0 = Debug|Win32
		{63AFB2C5-2D3B-C293-0198-F0D3F8FECEA6}.Release|ARM64.ActiveCfg = Release|ARM64
		{63AFB2C5-2D3B-C293-0198-F0D3F8FECEA6}.Release|ARM64.Build.0 = Release|ARM64
		{63AFB2C5-2D3B-C293-0198-F0D3F8FECEA6}.Release|x64.ActiveCfg = Release|x64
		{63AFB2C5-2D3B-C293-0198-F0D3F8FECEA6}.Release|x64.Build.0 = Release|x64
		{63AFB2C5-2D3B-C293-0198-F0D3F8FECEA6}.Release|x86.ActiveCfg = Release|Win32
		{63AFB2C5-2D3B-C293-0198-F0D3F8FECEA6}.Release|x86.Build.0 = Release|Win32
	EndGlobalSection
	GlobalSection(SolutionProperties) = preSolution
		HideSolutionNode = FALSE
	EndGlobalSection
	GlobalSection(ExtensibilityGlobals) = postSolution
		SolutionGuid = {4B51084D-7E89-4C75-9725-EC811B080129}
	EndGlobalSection
EndGlobal
