
Microsoft Visual Studio Solution File, Format Version 12.00
# Visual Studio Version 17
VisualStudioVersion = 17.14.36203.30 d17.14
MinimumVisualStudioVersion = 10.0.40219.1
Project("{8BC9CEB8-8B4A-11D0-8D11-00A0C91BC942}") = "StaticLib1", "StaticLib1\StaticLib1.vcxproj", "{AC106056-47EF-436A-9F13-5D5E7E5993A0}"
EndProject
Project("{8BC9CEB8-8B4A-11D0-8D11-00A0C91BC942}") = "TestAPP", "TestAPP\TestAPP.vcxproj", "{F45EA6D0-2708-DF32-3149-68510B02895D}"
EndProject
Global
	GlobalSection(SolutionConfigurationPlatforms) = preSolution
		Debug|ARM64 = Debug|ARM64
		Debug|x64 = Debug|x64
		Debug|x86 = Debug|x86
		Release|ARM64 = Release|ARM64
		Release|x64 = Release|x64
		Release|x86 = Release|x86
	EndGlobalSection
	GlobalSection(ProjectConfigurationPlatforms) = postSolution
		{AC106056-47EF-436A-9F13-5D5E7E5993A0}.Debug|ARM64.ActiveCfg = Debug|ARM64
		{AC106056-47EF-436A-9F13-5D5E7E5993A0}.Debug|ARM64.Build.0 = Debug|ARM64
		{AC106056-47EF-436A-9F13-5D5E7E5993A0}.Debug|x64.ActiveCfg = Debug|x64
		{AC106056-47EF-436A-9F13-5D5E7E5993A0}.Debug|x64.Build.0 = Debug|x64
		{AC106056-47EF-436A-9F13-5D5E7E5993A0}.Debug|x86.ActiveCfg = Debug|Win32
		{AC106056-47EF-436A-9F13-5D5E7E5993A0}.Debug|x86.Build.0 = Debug|Win32
		{AC106056-47EF-436A-9F13-5D5E7E5993A0}.Release|ARM64.ActiveCfg = Release|ARM64
		{AC106056-47EF-436A-9F13-5D5E7E5993A0}.Release|ARM64.Build.0 = Release|ARM64
		{AC106056-47EF-436A-9F13-5D5E7E5993A0}.Release|x64.ActiveCfg = Release|x64
		{AC106056-47EF-436A-9F13-5D5E7E5993A0}.Release|x64.Build.0 = Release|x64
		{AC106056-47EF-436A-9F13-5D5E7E5993A0}.Release|x86.ActiveCfg = Release|Win32
		{AC106056-47EF-436A-9F13-5D5E7E5993A0}.Release|x86.Build.0 = Release|Win32
		{F45EA6D0-2708-DF32-3149-68510B02895D}.Debug|ARM64.ActiveCfg = Debug|ARM64
		{F45EA6D0-2708-DF32-3149-68510B02895D}.Debug|ARM64.Build.0 = Debug|ARM64
		{F45EA6D0-2708-DF32-3149-68510B02895D}.Debug|x64.ActiveCfg = Debug|x64
		{F45EA6D0-2708-DF32-3149-68510B02895D}.Debug|x64.Build.0 = Debug|x64
		{F45EA6D0-2708-DF32-3149-68510B02895D}.Debug|x86.ActiveCfg = Debug|Win32
		{F45EA6D0-2708-DF32-3149-68510B02895D}.Debug|x86.Build.0 = Debug|Win32
		{F45EA6D0-2708-DF32-3149-68510B02895D}.Release|ARM64.ActiveCfg = Release|ARM64
		{F45EA6D0-2708-DF32-3149-68510B02895D}.Release|ARM64.Build.0 = Release|ARM64
		{F45EA6D0-2708-DF32-3149-68510B02895D}.Release|x64.ActiveCfg = Release|x64
		{F45EA6D0-2708-DF32-3149-68510B02895D}.Release|x64.Build.0 = Release|x64
		{F45EA6D0-2708-DF32-3149-68510B02895D}.Release|x86.ActiveCfg = Release|Win32
		{F45EA6D0-2708-DF32-3149-68510B02895D}.Release|x86.Build.0 = Release|Win32
	EndGlobalSection
	GlobalSection(SolutionProperties) = preSolution
		HideSolutionNode = FALSE
	EndGlobalSection
	GlobalSection(ExtensibilityGlobals) = postSolution
		SolutionGuid = {11D65252-C732-4A90-8D2D-684FFB3FAEFF}
	EndGlobalSection
EndGlobal
